// !$*UTF8*$!
{
	archiveVersion = 1;
	classes = {
	};
	objectVersion = 48;
	objects = {

/* Begin PBXBuildFile section */
		68006B522331459500F5DDEE /* CategoryViewController.swift in Sources */ = {isa = PBXBuildFile; fileRef = 68006B512331459500F5DDEE /* CategoryViewController.swift */; };
		6857C10923086D1200F87837 /* AppDelegate.swift in Sources */ = {isa = PBXBuildFile; fileRef = 6857C10823086D1200F87837 /* AppDelegate.swift */; };
		6857C10B23086D1200F87837 /* TodoListViewControllerist.swift in Sources */ = {isa = PBXBuildFile; fileRef = 6857C10A23086D1200F87837 /* TodoListViewControllerist.swift */; };
		6857C10E23086D1300F87837 /* Main.storyboard in Resources */ = {isa = PBXBuildFile; fileRef = 6857C10C23086D1300F87837 /* Main.storyboard */; };
		6857C11023086D1300F87837 /* Assets.xcassets in Resources */ = {isa = PBXBuildFile; fileRef = 6857C10F23086D1300F87837 /* Assets.xcassets */; };
		6857C11323086D1300F87837 /* LaunchScreen.storyboard in Resources */ = {isa = PBXBuildFile; fileRef = 6857C11123086D1300F87837 /* LaunchScreen.storyboard */; };
		688E7A5B233F808D0052F015 /* Item.swift in Sources */ = {isa = PBXBuildFile; fileRef = 688E7A5A233F808D0052F015 /* Item.swift */; };
		688E7A5D233F80AF0052F015 /* Category.swift in Sources */ = {isa = PBXBuildFile; fileRef = 688E7A5C233F80AF0052F015 /* Category.swift */; };
		DDC1BF92B69E0A4DC896DB09 /* Pods_Todoey.framework in Frameworks */ = {isa = PBXBuildFile; fileRef = D4BEC60882F2AC0ACEE46FBD /* Pods_Todoey.framework */; };
/* End PBXBuildFile section */

/* Begin PBXFileReference section */
		68006B512331459500F5DDEE /* CategoryViewController.swift */ = {isa = PBXFileReference; lastKnownFileType = sourcecode.swift; path = CategoryViewController.swift; sourceTree = "<group>"; };
		6857C10523086D1100F87837 /* Todoey.app */ = {isa = PBXFileReference; explicitFileType = wrapper.application; includeInIndex = 0; path = Todoey.app; sourceTree = BUILT_PRODUCTS_DIR; };
		6857C10823086D1200F87837 /* AppDelegate.swift */ = {isa = PBXFileReference; lastKnownFileType = sourcecode.swift; path = AppDelegate.swift; sourceTree = "<group>"; };
		6857C10A23086D1200F87837 /* TodoListViewControllerist.swift */ = {isa = PBXFileReference; lastKnownFileType = sourcecode.swift; path = TodoListViewControllerist.swift; sourceTree = "<group>"; };
		6857C10D23086D1300F87837 /* Base */ = {isa = PBXFileReference; lastKnownFileType = file.storyboard; name = Base; path = Base.lproj/Main.storyboard; sourceTree = "<group>"; };
		6857C10F23086D1300F87837 /* Assets.xcassets */ = {isa = PBXFileReference; lastKnownFileType = folder.assetcatalog; path = Assets.xcassets; sourceTree = "<group>"; };
		6857C11223086D1300F87837 /* Base */ = {isa = PBXFileReference; lastKnownFileType = file.storyboard; name = Base; path = Base.lproj/LaunchScreen.storyboard; sourceTree = "<group>"; };
		6857C11423086D1300F87837 /* Info.plist */ = {isa = PBXFileReference; lastKnownFileType = text.plist.xml; path = Info.plist; sourceTree = "<group>"; };
		688E7A5A233F808D0052F015 /* Item.swift */ = {isa = PBXFileReference; lastKnownFileType = sourcecode.swift; path = Item.swift; sourceTree = "<group>"; };
		688E7A5C233F80AF0052F015 /* Category.swift */ = {isa = PBXFileReference; lastKnownFileType = sourcecode.swift; path = Category.swift; sourceTree = "<group>"; };
		C07F0D6C6236191B4D841AEE /* Pods-Todoey.debug.xcconfig */ = {isa = PBXFileReference; includeInIndex = 1; lastKnownFileType = text.xcconfig; name = "Pods-Todoey.debug.xcconfig"; path = "Target Support Files/Pods-Todoey/Pods-Todoey.debug.xcconfig"; sourceTree = "<group>"; };
		D4BEC60882F2AC0ACEE46FBD /* Pods_Todoey.framework */ = {isa = PBXFileReference; explicitFileType = wrapper.framework; includeInIndex = 0; path = Pods_Todoey.framework; sourceTree = BUILT_PRODUCTS_DIR; };
		F239DC34827E69DC0BB1FB88 /* Pods-Todoey.release.xcconfig */ = {isa = PBXFileReference; includeInIndex = 1; lastKnownFileType = text.xcconfig; name = "Pods-Todoey.release.xcconfig"; path = "Target Support Files/Pods-Todoey/Pods-Todoey.release.xcconfig"; sourceTree = "<group>"; };
/* End PBXFileReference section */

/* Begin PBXFrameworksBuildPhase section */
		6857C10223086D1100F87837 /* Frameworks */ = {
			isa = PBXFrameworksBuildPhase;
			buildActionMask = 2147483647;
			files = (
				DDC1BF92B69E0A4DC896DB09 /* Pods_Todoey.framework in Frameworks */,
			);
			runOnlyForDeploymentPostprocessing = 0;
		};
/* End PBXFrameworksBuildPhase section */

/* Begin PBXGroup section */
		4077167F38E37AEF76726A96 /* Pods */ = {
			isa = PBXGroup;
			children = (
				C07F0D6C6236191B4D841AEE /* Pods-Todoey.debug.xcconfig */,
				F239DC34827E69DC0BB1FB88 /* Pods-Todoey.release.xcconfig */,
			);
			path = Pods;
			sourceTree = "<group>";
		};
		6857C0FC23086D1100F87837 = {
			isa = PBXGroup;
			children = (
				6857C10723086D1100F87837 /* Todoey */,
				6857C10623086D1100F87837 /* Products */,
				4077167F38E37AEF76726A96 /* Pods */,
				83AFE07F69DEE691A965A7B7 /* Frameworks */,
			);
			sourceTree = "<group>";
		};
		6857C10623086D1100F87837 /* Products */ = {
			isa = PBXGroup;
			children = (
				6857C10523086D1100F87837 /* Todoey.app */,
			);
			name = Products;
			sourceTree = "<group>";
		};
		6857C10723086D1100F87837 /* Todoey */ = {
			isa = PBXGroup;
			children = (
				6857C10823086D1200F87837 /* AppDelegate.swift */,
				686596B02308B2E200D9794C /* Controllers */,
				686596AF2308B2B000D9794C /* Data Model */,
				686596B12308B2F500D9794C /* View */,
				686596B22308B30E00D9794C /* Supporting Files */,
				6857C11423086D1300F87837 /* Info.plist */,
			);
			path = Todoey;
			sourceTree = "<group>";
		};
		686596AF2308B2B000D9794C /* Data Model */ = {
			isa = PBXGroup;
			children = (
				688E7A5C233F80AF0052F015 /* Category.swift */,
				688E7A5A233F808D0052F015 /* Item.swift */,
			);
			path = "Data Model";
			sourceTree = "<group>";
		};
		686596B02308B2E200D9794C /* Controllers */ = {
			isa = PBXGroup;
			children = (
				68006B512331459500F5DDEE /* CategoryViewController.swift */,
				6857C10A23086D1200F87837 /* TodoListViewControllerist.swift */,
			);
			path = Controllers;
			sourceTree = "<group>";
		};
		686596B12308B2F500D9794C /* View */ = {
			isa = PBXGroup;
			children = (
				6857C10C23086D1300F87837 /* Main.storyboard */,
			);
			path = View;
			sourceTree = "<group>";
		};
		686596B22308B30E00D9794C /* Supporting Files */ = {
			isa = PBXGroup;
			children = (
				6857C10F23086D1300F87837 /* Assets.xcassets */,
				6857C11123086D1300F87837 /* LaunchScreen.storyboard */,
			);
			path = "Supporting Files";
			sourceTree = "<group>";
		};
		83AFE07F69DEE691A965A7B7 /* Frameworks */ = {
			isa = PBXGroup;
			children = (
				D4BEC60882F2AC0ACEE46FBD /* Pods_Todoey.framework */,
			);
			name = Frameworks;
			sourceTree = "<group>";
		};
/* End PBXGroup section */

/* Begin PBXNativeTarget section */
		6857C10423086D1100F87837 /* Todoey */ = {
			isa = PBXNativeTarget;
			buildConfigurationList = 6857C11723086D1300F87837 /* Build configuration list for PBXNativeTarget "Todoey" */;
			buildPhases = (
				D9C3C3482B8646D0CC2689E4 /* [CP] Check Pods Manifest.lock */,
				6857C10123086D1100F87837 /* Sources */,
				6857C10223086D1100F87837 /* Frameworks */,
				6857C10323086D1100F87837 /* Resources */,
				C4461D2FA937ADD1C8DA9C0E /* [CP] Embed Pods Frameworks */,
			);
			buildRules = (
			);
			dependencies = (
			);
			name = Todoey;
			productName = Todoey;
			productReference = 6857C10523086D1100F87837 /* Todoey.app */;
			productType = "com.apple.product-type.application";
		};
/* End PBXNativeTarget section */

/* Begin PBXProject section */
		6857C0FD23086D1100F87837 /* Project object */ = {
			isa = PBXProject;
			attributes = {
				LastSwiftUpdateCheck = 0920;
				LastUpgradeCheck = 0920;
				ORGANIZATIONNAME = "Sachkov Dmitry";
				TargetAttributes = {
					6857C10423086D1100F87837 = {
						CreatedOnToolsVersion = 9.2;
						ProvisioningStyle = Automatic;
					};
				};
			};
			buildConfigurationList = 6857C10023086D1100F87837 /* Build configuration list for PBXProject "Todoey" */;
			compatibilityVersion = "Xcode 8.0";
			developmentRegion = en;
			hasScannedForEncodings = 0;
			knownRegions = (
				en,
				Base,
			);
			mainGroup = 6857C0FC23086D1100F87837;
			productRefGroup = 6857C10623086D1100F87837 /* Products */;
			projectDirPath = "";
			projectRoot = "";
			targets = (
				6857C10423086D1100F87837 /* Todoey */,
			);
		};
/* End PBXProject section */

/* Begin PBXResourcesBuildPhase section */
		6857C10323086D1100F87837 /* Resources */ = {
			isa = PBXResourcesBuildPhase;
			buildActionMask = 2147483647;
			files = (
				6857C11323086D1300F87837 /* LaunchScreen.storyboard in Resources */,
				6857C11023086D1300F87837 /* Assets.xcassets in Resources */,
				6857C10E23086D1300F87837 /* Main.storyboard in Resources */,
			);
			runOnlyForDeploymentPostprocessing = 0;
		};
/* End PBXResourcesBuildPhase section */

/* Begin PBXShellScriptBuildPhase section */
		C4461D2FA937ADD1C8DA9C0E /* [CP] Embed Pods Frameworks */ = {
			isa = PBXShellScriptBuildPhase;
			buildActionMask = 2147483647;
			files = (
			);
			inputPaths = (
				"${PODS_ROOT}/Target Support Files/Pods-Todoey/Pods-Todoey-frameworks.sh",
				"${BUILT_PRODUCTS_DIR}/Realm/Realm.framework",
				"${BUILT_PRODUCTS_DIR}/RealmSwift/RealmSwift.framework",
			);
			name = "[CP] Embed Pods Frameworks";
			outputPaths = (
				"${TARGET_BUILD_DIR}/${FRAMEWORKS_FOLDER_PATH}/Realm.framework",
				"${TARGET_BUILD_DIR}/${FRAMEWORKS_FOLDER_PATH}/RealmSwift.framework",
			);
			runOnlyForDeploymentPostprocessing = 0;
			shellPath = /bin/sh;
			shellScript = "\"${PODS_ROOT}/Target Support Files/Pods-Todoey/Pods-Todoey-frameworks.sh\"\n";
			showEnvVarsInLog = 0;
		};
		D9C3C3482B8646D0CC2689E4 /* [CP] Check Pods Manifest.lock */ = {
			isa = PBXShellScriptBuildPhase;
			buildActionMask = 2147483647;
			files = (
			);
			inputPaths = (
				"${PODS_PODFILE_DIR_PATH}/Podfile.lock",
				"${PODS_ROOT}/Manifest.lock",
			);
			name = "[CP] Check Pods Manifest.lock";
			outputPaths = (
				"$(DERIVED_FILE_DIR)/Pods-Todoey-checkManifestLockResult.txt",
			);
			runOnlyForDeploymentPostprocessing = 0;
			shellPath = /bin/sh;
			shellScript = "diff \"${PODS_PODFILE_DIR_PATH}/Podfile.lock\" \"${PODS_ROOT}/Manifest.lock\" > /dev/null\nif [ $? != 0 ] ; then\n    # print error to STDERR\n    echo \"error: The sandbox is not in sync with the Podfile.lock. Run 'pod install' or update your CocoaPods installation.\" >&2\n    exit 1\nfi\n# This output is used by Xcode 'outputs' to avoid re-running this script phase.\necho \"SUCCESS\" > \"${SCRIPT_OUTPUT_FILE_0}\"\n";
			showEnvVarsInLog = 0;
		};
/* End PBXShellScriptBuildPhase section */

/* Begin PBXSourcesBuildPhase section */
		6857C10123086D1100F87837 /* Sources */ = {
			isa = PBXSourcesBuildPhase;
			buildActionMask = 2147483647;
			files = (
				688E7A5B233F808D0052F015 /* Item.swift in Sources */,
				68006B522331459500F5DDEE /* CategoryViewController.swift in Sources */,
				6857C10B23086D1200F87837 /* TodoListViewControllerist.swift in Sources */,
				6857C10923086D1200F87837 /* AppDelegate.swift in Sources */,
				688E7A5D233F80AF0052F015 /* Category.swift in Sources */,
			);
			runOnlyForDeploymentPostprocessing = 0;
		};
/* End PBXSourcesBuildPhase section */

/* Begin PBXVariantGroup section */
		6857C10C23086D1300F87837 /* Main.storyboard */ = {
			isa = PBXVariantGroup;
			children = (
				6857C10D23086D1300F87837 /* Base */,
			);
			name = Main.storyboard;
			sourceTree = "<group>";
		};
		6857C11123086D1300F87837 /* LaunchScreen.storyboard */ = {
			isa = PBXVariantGroup;
			children = (
				6857C11223086D1300F87837 /* Base */,
			);
			name = LaunchScreen.storyboard;
			sourceTree = "<group>";
		};
/* End PBXVariantGroup section */

/* Begin XCBuildConfiguration section */
		6857C11523086D1300F87837 /* Debug */ = {
			isa = XCBuildConfiguration;
			buildSettings = {
				ALWAYS_SEARCH_USER_PATHS = NO;
				CLANG_ANALYZER_NONNULL = YES;
				CLANG_ANALYZER_NUMBER_OBJECT_CONVERSION = YES_AGGRESSIVE;
				CLANG_CXX_LANGUAGE_STANDARD = "gnu++14";
				CLANG_CXX_LIBRARY = "libc++";
				CLANG_ENABLE_MODULES = YES;
				CLANG_ENABLE_OBJC_ARC = YES;
				CLANG_WARN_BLOCK_CAPTURE_AUTORELEASING = YES;
				CLANG_WARN_BOOL_CONVERSION = YES;
				CLANG_WARN_COMMA = YES;
				CLANG_WARN_CONSTANT_CONVERSION = YES;
				CLANG_WARN_DIRECT_OBJC_ISA_USAGE = YES_ERROR;
				CLANG_WARN_DOCUMENTATION_COMMENTS = YES;
				CLANG_WARN_EMPTY_BODY = YES;
				CLANG_WARN_ENUM_CONVERSION = YES;
				CLANG_WARN_INFINITE_RECURSION = YES;
				CLANG_WARN_INT_CONVERSION = YES;
				CLANG_WARN_NON_LITERAL_NULL_CONVERSION = YES;
				CLANG_WARN_OBJC_LITERAL_CONVERSION = YES;
				CLANG_WARN_OBJC_ROOT_CLASS = YES_ERROR;
				CLANG_WARN_RANGE_LOOP_ANALYSIS = YES;
				CLANG_WARN_STRICT_PROTOTYPES = YES;
				CLANG_WARN_SUSPICIOUS_MOVE = YES;
				CLANG_WARN_UNGUARDED_AVAILABILITY = YES_AGGRESSIVE;
				CLANG_WARN_UNREACHABLE_CODE = YES;
				CLANG_WARN__DUPLICATE_METHOD_MATCH = YES;
				CODE_SIGN_IDENTITY = "iPhone Developer";
				COPY_PHASE_STRIP = NO;
				DEBUG_INFORMATION_FORMAT = dwarf;
				ENABLE_STRICT_OBJC_MSGSEND = YES;
				ENABLE_TESTABILITY = YES;
				GCC_C_LANGUAGE_STANDARD = gnu11;
				GCC_DYNAMIC_NO_PIC = NO;
				GCC_NO_COMMON_BLOCKS = YES;
				GCC_OPTIMIZATION_LEVEL = 0;
				GCC_PREPROCESSOR_DEFINITIONS = (
					"DEBUG=1",
					"$(inherited)",
				);
				GCC_WARN_64_TO_32_BIT_CONVERSION = YES;
				GCC_WARN_ABOUT_RETURN_TYPE = YES_ERROR;
				GCC_WARN_UNDECLARED_SELECTOR = YES;
				GCC_WARN_UNINITIALIZED_AUTOS = YES_AGGRESSIVE;
				GCC_WARN_UNUSED_FUNCTION = YES;
				GCC_WARN_UNUSED_VARIABLE = YES;
				IPHONEOS_DEPLOYMENT_TARGET = 11.2;
				MTL_ENABLE_DEBUG_INFO = YES;
				ONLY_ACTIVE_ARCH = YES;
				SDKROOT = iphoneos;
				SWIFT_ACTIVE_COMPILATION_CONDITIONS = DEBUG;
				SWIFT_OPTIMIZATION_LEVEL = "-Onone";
			};
			name = Debug;
		};
		6857C11623086D1300F87837 /* Release */ = {
			isa = XCBuildConfiguration;
			buildSettings = {
				ALWAYS_SEARCH_USER_PATHS = NO;
				CLANG_ANALYZER_NONNULL = YES;
				CLANG_ANALYZER_NUMBER_OBJECT_CONVERSION = YES_AGGRESSIVE;
				CLANG_CXX_LANGUAGE_STANDARD = "gnu++14";
				CLANG_CXX_LIBRARY = "libc++";
				CLANG_ENABLE_MODULES = YES;
				CLANG_ENABLE_OBJC_ARC = YES;
				CLANG_WARN_BLOCK_CAPTURE_AUTORELEASING = YES;
				CLANG_WARN_BOOL_CONVERSION = YES;
				CLANG_WARN_COMMA = YES;
				CLANG_WARN_CONSTANT_CONVERSION = YES;
				CLANG_WARN_DIRECT_OBJC_ISA_USAGE = YES_ERROR;
				CLANG_WARN_DOCUMENTATION_COMMENTS = YES;
				CLANG_WARN_EMPTY_BODY = YES;
				CLANG_WARN_ENUM_CONVERSION = YES;
				CLANG_WARN_INFINITE_RECURSION = YES;
				CLANG_WARN_INT_CONVERSION = YES;
				CLANG_WARN_NON_LITERAL_NULL_CONVERSION = YES;
				CLANG_WARN_OBJC_LITERAL_CONVERSION = YES;
				CLANG_WARN_OBJC_ROOT_CLASS = YES_ERROR;
				CLANG_WARN_RANGE_LOOP_ANALYSIS = YES;
				CLANG_WARN_STRICT_PROTOTYPES = YES;
				CLANG_WARN_SUSPICIOUS_MOVE = YES;
				CLANG_WARN_UNGUARDED_AVAILABILITY = YES_AGGRESSIVE;
				CLANG_WARN_UNREACHABLE_CODE = YES;
				CLANG_WARN__DUPLICATE_METHOD_MATCH = YES;
				CODE_SIGN_IDENTITY = "iPhone Developer";
				COPY_PHASE_STRIP = NO;
				DEBUG_INFORMATION_FORMAT = "dwarf-with-dsym";
				ENABLE_NS_ASSERTIONS = NO;
				ENABLE_STRICT_OBJC_MSGSEND = YES;
				GCC_C_LANGUAGE_STANDARD = gnu11;
				GCC_NO_COMMON_BLOCKS = YES;
				GCC_WARN_64_TO_32_BIT_CONVERSION = YES;
				GCC_WARN_ABOUT_RETURN_TYPE = YES_ERROR;
				GCC_WARN_UNDECLARED_SELECTOR = YES;
				GCC_WARN_UNINITIALIZED_AUTOS = YES_AGGRESSIVE;
				GCC_WARN_UNUSED_FUNCTION = YES;
				GCC_WARN_UNUSED_VARIABLE = YES;
				IPHONEOS_DEPLOYMENT_TARGET = 11.2;
				MTL_ENABLE_DEBUG_INFO = NO;
				SDKROOT = iphoneos;
				SWIFT_OPTIMIZATION_LEVEL = "-Owholemodule";
				VALIDATE_PRODUCT = YES;
			};
			name = Release;
		};
		6857C11823086D1300F87837 /* Debug */ = {
			isa = XCBuildConfiguration;
			baseConfigurationReference = C07F0D6C6236191B4D841AEE /* Pods-Todoey.debug.xcconfig */;
			buildSettings = {
				ASSETCATALOG_COMPILER_APPICON_NAME = AppIcon;
				CODE_SIGN_STYLE = Automatic;
				DEVELOPMENT_TEAM = 5YZEB9WTWN;
				INFOPLIST_FILE = Todoey/Info.plist;
				LD_RUNPATH_SEARCH_PATHS = "$(inherited) @executable_path/Frameworks";
				PRODUCT_BUNDLE_IDENTIFIER = "ru.yandex-sa4kov.dmitry.Todoey";
				PRODUCT_NAME = "$(TARGET_NAME)";
				SWIFT_VERSION = 4.0;
				TARGETED_DEVICE_FAMILY = "1,2";
			};
			name = Debug;
		};
		6857C11923086D1300F87837 /* Release */ = {
			isa = XCBuildConfiguration;
			baseConfigurationReference = F239DC34827E69DC0BB1FB88 /* Pods-Todoey.release.xcconfig */;
			buildSettings = {
				ASSETCATALOG_COMPILER_APPICON_NAME = AppIcon;
				CODE_SIGN_STYLE = Automatic;
				DEVELOPMENT_TEAM = 5YZEB9WTWN;
				INFOPLIST_FILE = Todoey/Info.plist;
				LD_RUNPATH_SEARCH_PATHS = "$(inherited) @executable_path/Frameworks";
				PRODUCT_BUNDLE_IDENTIFIER = "ru.yandex-sa4kov.dmitry.Todoey";
				PRODUCT_NAME = "$(TARGET_NAME)";
				SWIFT_VERSION = 4.0;
				TARGETED_DEVICE_FAMILY = "1,2";
			};
			name = Release;
		};
/* End XCBuildConfiguration section */

/* Begin XCConfigurationList section */
		6857C10023086D1100F87837 /* Build configuration list for PBXProject "Todoey" */ = {
			isa = XCConfigurationList;
			buildConfigurations = (
				6857C11523086D1300F87837 /* Debug */,
				6857C11623086D1300F87837 /* Release */,
			);
			defaultConfigurationIsVisible = 0;
			defaultConfigurationName = Release;
		};
		6857C11723086D1300F87837 /* Build configuration list for PBXNativeTarget "Todoey" */ = {
			isa = XCConfigurationList;
			buildConfigurations = (
				6857C11823086D1300F87837 /* Debug */,
				6857C11923086D1300F87837 /* Release */,
			);
			defaultConfigurationIsVisible = 0;
			defaultConfigurationName = Release;
		};
/* End XCConfigurationList section */
	};
	rootObject = 6857C0FD23086D1100F87837 /* Project object */;
}
